
Microsoft Visual Studio Solution File, Format Version 12.00
# Visual Studio Version 17
VisualStudioVersion = 17.3.32825.248
MinimumVisualStudioVersion = 10.0.40219.1
Project("{FAE04EC0-301F-11D3-BF4B-00C04F79EFBC}") = "Файлы 2 Ф", "Файлы 2 Ф\Файлы 2 Ф.csproj", "{E1FE1727-5D7E-4315-AF21-F8DBB80C04C7}"
EndProject
Global
	GlobalSection(SolutionConfigurationPlatforms) = preSolution
		Debug|Any CPU = Debug|Any CPU
		Release|Any CPU = Release|Any CPU
	EndGlobalSection
	GlobalSection(ProjectConfigurationPlatforms) = postSolution
		{E1FE1727-5D7E-4315-AF21-F8DBB80C04C7}.Debug|Any CPU.ActiveCfg = Debug|Any CPU
		{E1FE1727-5D7E-4315-AF21-F8DBB80C04C7}.Debug|Any CPU.Build.0 = Debug|Any CPU
		{E1FE1727-5D7E-4315-AF21-F8DBB80C04C7}.Release|Any CPU.ActiveCfg = Release|Any CPU
		{E1FE1727-5D7E-4315-AF21-F8DBB80C04C7}.Release|Any CPU.Build.0 = Release|Any CPU
	EndGlobalSection
	GlobalSection(SolutionProperties) = preSolution
		HideSolutionNode = FALSE
	EndGlobalSection
	GlobalSection(ExtensibilityGlobals) = postSolution
		SolutionGuid = {3E0DDDE7-0EC7-4B55-B37E-69EE919C4D45}
	EndGlobalSection
EndGlobal
