
Microsoft Visual Studio Solution File, Format Version 12.00
# Visual Studio Version 17
VisualStudioVersion = 17.3.32825.248
MinimumVisualStudioVersion = 10.0.40219.1
Project("{FAE04EC0-301F-11D3-BF4B-00C04F79EFBC}") = "Файлы 1 Ф", "Файлы 1 Ф\Файлы 1 Ф.csproj", "{BB24512B-FD44-4C96-8736-F13FF6E907DE}"
EndProject
Global
	GlobalSection(SolutionConfigurationPlatforms) = preSolution
		Debug|Any CPU = Debug|Any CPU
		Release|Any CPU = Release|Any CPU
	EndGlobalSection
	GlobalSection(ProjectConfigurationPlatforms) = postSolution
		{BB24512B-FD44-4C96-8736-F13FF6E907DE}.Debug|Any CPU.ActiveCfg = Debug|Any CPU
		{BB24512B-FD44-4C96-8736-F13FF6E907DE}.Debug|Any CPU.Build.0 = Debug|Any CPU
		{BB24512B-FD44-4C96-8736-F13FF6E907DE}.Release|Any CPU.ActiveCfg = Release|Any CPU
		{BB24512B-FD44-4C96-8736-F13FF6E907DE}.Release|Any CPU.Build.0 = Release|Any CPU
	EndGlobalSection
	GlobalSection(SolutionProperties) = preSolution
		HideSolutionNode = FALSE
	EndGlobalSection
	GlobalSection(ExtensibilityGlobals) = postSolution
		SolutionGuid = {4726459F-9400-4626-9293-1CE65365B80F}
	EndGlobalSection
EndGlobal
